// !$*UTF8*$!
{
	archiveVersion = 1;
	classes = {
	};
	objectVersion = 52;
	objects = {

/* Begin PBXBuildFile section */
		1535D8D825C6419300BC7E81 /* AddStudentView.swift in Sources */ = {isa = PBXBuildFile; fileRef = 1535D8D725C6419300BC7E81 /* AddStudentView.swift */; };
		1546373D25CE36E600763674 /* UIImageExtension.swift in Sources */ = {isa = PBXBuildFile; fileRef = 1546373C25CE36E600763674 /* UIImageExtension.swift */; };
		155024CA25C4E0A200AD2006 /* Home03.swift in Sources */ = {isa = PBXBuildFile; fileRef = 155024C925C4E0A200AD2006 /* Home03.swift */; };
		155024CD25C4E9C700AD2006 /* Student02.swift in Sources */ = {isa = PBXBuildFile; fileRef = 155024CC25C4E9C700AD2006 /* Student02.swift */; };
		155024D125C548D900AD2006 /* ColorExtension.swift in Sources */ = {isa = PBXBuildFile; fileRef = 155024D025C548D900AD2006 /* ColorExtension.swift */; };
		1550EEE025D4C5CA00D09882 /* UriBanView.swift in Sources */ = {isa = PBXBuildFile; fileRef = 1550EEDF25D4C5CA00D09882 /* UriBanView.swift */; };
		1550EEE325D510E000D09882 /* Student05.swift in Sources */ = {isa = PBXBuildFile; fileRef = 1550EEE225D510E000D09882 /* Student05.swift */; };
		15575E6A25CF6CB7007510C4 /* DetailStudentView.swift in Sources */ = {isa = PBXBuildFile; fileRef = 15575E6925CF6CB7007510C4 /* DetailStudentView.swift */; };
		15575E6D25CF784B007510C4 /* SwiftUIView.swift in Sources */ = {isa = PBXBuildFile; fileRef = 15575E6C25CF784B007510C4 /* SwiftUIView.swift */; };
		156B640125C43B7700DA8D07 /* MultipleSelectionList01Exam.swift in Sources */ = {isa = PBXBuildFile; fileRef = 156B640025C43B7700DA8D07 /* MultipleSelectionList01Exam.swift */; };
		156B640425C44C0400DA8D07 /* MultipleSelectionList02Exam.swift in Sources */ = {isa = PBXBuildFile; fileRef = 156B640325C44C0400DA8D07 /* MultipleSelectionList02Exam.swift */; };
		15894CC125CD4B53001C2AB8 /* PhotoPicker.swift in Sources */ = {isa = PBXBuildFile; fileRef = 15894CC025CD4B53001C2AB8 /* PhotoPicker.swift */; };
		15894CC725CE1C98001C2AB8 /* Student04.swift in Sources */ = {isa = PBXBuildFile; fileRef = 15894CC625CE1C98001C2AB8 /* Student04.swift */; };
		1590449525C62C840069BF2A /* NavigationBarColor.swift in Sources */ = {isa = PBXBuildFile; fileRef = 1590449425C62C840069BF2A /* NavigationBarColor.swift */; };
		1590449825C62D060069BF2A /* NavigationLazyView.swift in Sources */ = {isa = PBXBuildFile; fileRef = 1590449725C62D060069BF2A /* NavigationLazyView.swift */; };
		FA012FF125CCF73000D580A6 /* Student03.swift in Sources */ = {isa = PBXBuildFile; fileRef = FA012FF025CCF73000D580A6 /* Student03.swift */; };
		FA8D1D0B25CA24EB0078662D /* PHPickerMultiExam.swift in Sources */ = {isa = PBXBuildFile; fileRef = FA8D1D0A25CA24EB0078662D /* PHPickerMultiExam.swift */; };
		FA8D1D0E25CA42A60078662D /* PHPickerSingleExam.swift in Sources */ = {isa = PBXBuildFile; fileRef = FA8D1D0D25CA42A60078662D /* PHPickerSingleExam.swift */; };
		FA94234525C0F8710072D0EE /* UriBanApp.swift in Sources */ = {isa = PBXBuildFile; fileRef = FA94234425C0F8710072D0EE /* UriBanApp.swift */; };
		FA94234725C0F8710072D0EE /* ContentView.swift in Sources */ = {isa = PBXBuildFile; fileRef = FA94234625C0F8710072D0EE /* ContentView.swift */; };
		FA94234925C0F8740072D0EE /* Assets.xcassets in Resources */ = {isa = PBXBuildFile; fileRef = FA94234825C0F8740072D0EE /* Assets.xcassets */; };
		FA94234C25C0F8740072D0EE /* Preview Assets.xcassets in Resources */ = {isa = PBXBuildFile; fileRef = FA94234B25C0F8740072D0EE /* Preview Assets.xcassets */; };
		FA94235925C0F94A0072D0EE /* SearchDefaultRealm.swift in Sources */ = {isa = PBXBuildFile; fileRef = FA94235825C0F94A0072D0EE /* SearchDefaultRealm.swift */; };
		FA94235C25C0F9860072D0EE /* MainTabView.swift in Sources */ = {isa = PBXBuildFile; fileRef = FA94235B25C0F9860072D0EE /* MainTabView.swift */; };
		FA94235F25C0F9B40072D0EE /* Home02.swift in Sources */ = {isa = PBXBuildFile; fileRef = FA94235E25C0F9B40072D0EE /* Home02.swift */; };
		FA94236225C0F9D00072D0EE /* Student01.swift in Sources */ = {isa = PBXBuildFile; fileRef = FA94236125C0F9D00072D0EE /* Student01.swift */; };
		FA94236A25C0FA460072D0EE /* AddHomePageView.swift in Sources */ = {isa = PBXBuildFile; fileRef = FA94236925C0FA460072D0EE /* AddHomePageView.swift */; };
		FA94236D25C0FA5E0072D0EE /* HomeView.swift in Sources */ = {isa = PBXBuildFile; fileRef = FA94236C25C0FA5E0072D0EE /* HomeView.swift */; };
		FA94237025C0FA940072D0EE /* HomeViewModel.swift in Sources */ = {isa = PBXBuildFile; fileRef = FA94236F25C0FA940072D0EE /* HomeViewModel.swift */; };
		FA94237425C0FB030072D0EE /* Realm in Frameworks */ = {isa = PBXBuildFile; productRef = FA94237325C0FB030072D0EE /* Realm */; };
		FA94237625C0FB030072D0EE /* RealmSwift in Frameworks */ = {isa = PBXBuildFile; productRef = FA94237525C0FB030072D0EE /* RealmSwift */; };
		FA9CF39525C1234C00E66C07 /* StudentView.swift in Sources */ = {isa = PBXBuildFile; fileRef = FA9CF39425C1234C00E66C07 /* StudentView.swift */; };
		FA9CF39925C1277100E66C07 /* StudentViewModel.swift in Sources */ = {isa = PBXBuildFile; fileRef = FA9CF39825C1277100E66C07 /* StudentViewModel.swift */; };
		FAC0E1E525CCD0A0003C300C /* ToggleExam.swift in Sources */ = {isa = PBXBuildFile; fileRef = FAC0E1E425CCD0A0003C300C /* ToggleExam.swift */; };
		FAC0E1E825CCD0CC003C300C /* TabButton.swift in Sources */ = {isa = PBXBuildFile; fileRef = FAC0E1E725CCD0CC003C300C /* TabButton.swift */; };
/* End PBXBuildFile section */

/* Begin PBXFileReference section */
		1535D8D725C6419300BC7E81 /* AddStudentView.swift */ = {isa = PBXFileReference; lastKnownFileType = sourcecode.swift; path = AddStudentView.swift; sourceTree = "<group>"; };
		1546373C25CE36E600763674 /* UIImageExtension.swift */ = {isa = PBXFileReference; lastKnownFileType = sourcecode.swift; path = UIImageExtension.swift; sourceTree = "<group>"; };
		155024C925C4E0A200AD2006 /* Home03.swift */ = {isa = PBXFileReference; lastKnownFileType = sourcecode.swift; path = Home03.swift; sourceTree = "<group>"; };
		155024CC25C4E9C700AD2006 /* Student02.swift */ = {isa = PBXFileReference; lastKnownFileType = sourcecode.swift; path = Student02.swift; sourceTree = "<group>"; };
		155024D025C548D900AD2006 /* ColorExtension.swift */ = {isa = PBXFileReference; lastKnownFileType = sourcecode.swift; path = ColorExtension.swift; sourceTree = "<group>"; };
		1550EEDF25D4C5CA00D09882 /* UriBanView.swift */ = {isa = PBXFileReference; lastKnownFileType = sourcecode.swift; path = UriBanView.swift; sourceTree = "<group>"; };
		1550EEE225D510E000D09882 /* Student05.swift */ = {isa = PBXFileReference; lastKnownFileType = sourcecode.swift; path = Student05.swift; sourceTree = "<group>"; };
		15575E6925CF6CB7007510C4 /* DetailStudentView.swift */ = {isa = PBXFileReference; lastKnownFileType = sourcecode.swift; path = DetailStudentView.swift; sourceTree = "<group>"; };
		15575E6C25CF784B007510C4 /* SwiftUIView.swift */ = {isa = PBXFileReference; lastKnownFileType = sourcecode.swift; path = SwiftUIView.swift; sourceTree = "<group>"; };
		156B640025C43B7700DA8D07 /* MultipleSelectionList01Exam.swift */ = {isa = PBXFileReference; lastKnownFileType = sourcecode.swift; path = MultipleSelectionList01Exam.swift; sourceTree = "<group>"; };
		156B640325C44C0400DA8D07 /* MultipleSelectionList02Exam.swift */ = {isa = PBXFileReference; lastKnownFileType = sourcecode.swift; path = MultipleSelectionList02Exam.swift; sourceTree = "<group>"; };
		15894CC025CD4B53001C2AB8 /* PhotoPicker.swift */ = {isa = PBXFileReference; lastKnownFileType = sourcecode.swift; path = PhotoPicker.swift; sourceTree = "<group>"; };
		15894CC625CE1C98001C2AB8 /* Student04.swift */ = {isa = PBXFileReference; lastKnownFileType = sourcecode.swift; path = Student04.swift; sourceTree = "<group>"; };
		1590449425C62C840069BF2A /* NavigationBarColor.swift */ = {isa = PBXFileReference; lastKnownFileType = sourcecode.swift; path = NavigationBarColor.swift; sourceTree = "<group>"; };
		1590449725C62D060069BF2A /* NavigationLazyView.swift */ = {isa = PBXFileReference; lastKnownFileType = sourcecode.swift; path = NavigationLazyView.swift; sourceTree = "<group>"; };
		FA012FF025CCF73000D580A6 /* Student03.swift */ = {isa = PBXFileReference; lastKnownFileType = sourcecode.swift; path = Student03.swift; sourceTree = "<group>"; };
		FA8D1D0A25CA24EB0078662D /* PHPickerMultiExam.swift */ = {isa = PBXFileReference; lastKnownFileType = sourcecode.swift; path = PHPickerMultiExam.swift; sourceTree = "<group>"; };
		FA8D1D0D25CA42A60078662D /* PHPickerSingleExam.swift */ = {isa = PBXFileReference; lastKnownFileType = sourcecode.swift; path = PHPickerSingleExam.swift; sourceTree = "<group>"; };
		FA94234125C0F8710072D0EE /* UriBan.app */ = {isa = PBXFileReference; explicitFileType = wrapper.application; includeInIndex = 0; path = UriBan.app; sourceTree = BUILT_PRODUCTS_DIR; };
		FA94234425C0F8710072D0EE /* UriBanApp.swift */ = {isa = PBXFileReference; lastKnownFileType = sourcecode.swift; path = UriBanApp.swift; sourceTree = "<group>"; };
		FA94234625C0F8710072D0EE /* ContentView.swift */ = {isa = PBXFileReference; lastKnownFileType = sourcecode.swift; path = ContentView.swift; sourceTree = "<group>"; };
		FA94234825C0F8740072D0EE /* Assets.xcassets */ = {isa = PBXFileReference; lastKnownFileType = folder.assetcatalog; path = Assets.xcassets; sourceTree = "<group>"; };
		FA94234B25C0F8740072D0EE /* Preview Assets.xcassets */ = {isa = PBXFileReference; lastKnownFileType = folder.assetcatalog; path = "Preview Assets.xcassets"; sourceTree = "<group>"; };
		FA94234D25C0F8740072D0EE /* Info.plist */ = {isa = PBXFileReference; lastKnownFileType = text.plist.xml; path = Info.plist; sourceTree = "<group>"; };
		FA94235825C0F94A0072D0EE /* SearchDefaultRealm.swift */ = {isa = PBXFileReference; lastKnownFileType = sourcecode.swift; path = SearchDefaultRealm.swift; sourceTree = "<group>"; };
		FA94235B25C0F9860072D0EE /* MainTabView.swift */ = {isa = PBXFileReference; lastKnownFileType = sourcecode.swift; path = MainTabView.swift; sourceTree = "<group>"; };
		FA94235E25C0F9B40072D0EE /* Home02.swift */ = {isa = PBXFileReference; lastKnownFileType = sourcecode.swift; path = Home02.swift; sourceTree = "<group>"; };
		FA94236125C0F9D00072D0EE /* Student01.swift */ = {isa = PBXFileReference; lastKnownFileType = sourcecode.swift; path = Student01.swift; sourceTree = "<group>"; };
		FA94236925C0FA460072D0EE /* AddHomePageView.swift */ = {isa = PBXFileReference; lastKnownFileType = sourcecode.swift; path = AddHomePageView.swift; sourceTree = "<group>"; };
		FA94236C25C0FA5E0072D0EE /* HomeView.swift */ = {isa = PBXFileReference; lastKnownFileType = sourcecode.swift; path = HomeView.swift; sourceTree = "<group>"; };
		FA94236F25C0FA940072D0EE /* HomeViewModel.swift */ = {isa = PBXFileReference; lastKnownFileType = sourcecode.swift; path = HomeViewModel.swift; sourceTree = "<group>"; };
		FA9CF39425C1234C00E66C07 /* StudentView.swift */ = {isa = PBXFileReference; lastKnownFileType = sourcecode.swift; path = StudentView.swift; sourceTree = "<group>"; };
		FA9CF39825C1277100E66C07 /* StudentViewModel.swift */ = {isa = PBXFileReference; lastKnownFileType = sourcecode.swift; path = StudentViewModel.swift; sourceTree = "<group>"; };
		FAC0E1E425CCD0A0003C300C /* ToggleExam.swift */ = {isa = PBXFileReference; lastKnownFileType = sourcecode.swift; path = ToggleExam.swift; sourceTree = "<group>"; };
		FAC0E1E725CCD0CC003C300C /* TabButton.swift */ = {isa = PBXFileReference; lastKnownFileType = sourcecode.swift; path = TabButton.swift; sourceTree = "<group>"; };
/* End PBXFileReference section */

/* Begin PBXFrameworksBuildPhase section */
		FA94233E25C0F8710072D0EE /* Frameworks */ = {
			isa = PBXFrameworksBuildPhase;
			buildActionMask = 2147483647;
			files = (
				FA94237625C0FB030072D0EE /* RealmSwift in Frameworks */,
				FA94237425C0FB030072D0EE /* Realm in Frameworks */,
			);
			runOnlyForDeploymentPostprocessing = 0;
		};
/* End PBXFrameworksBuildPhase section */

/* Begin PBXGroup section */
		15575E6125CE8BE1007510C4 /* Example */ = {
			isa = PBXGroup;
			children = (
				156B640025C43B7700DA8D07 /* MultipleSelectionList01Exam.swift */,
				156B640325C44C0400DA8D07 /* MultipleSelectionList02Exam.swift */,
				FA8D1D0A25CA24EB0078662D /* PHPickerMultiExam.swift */,
				FA8D1D0D25CA42A60078662D /* PHPickerSingleExam.swift */,
				FAC0E1E425CCD0A0003C300C /* ToggleExam.swift */,
			);
			path = Example;
			sourceTree = "<group>";
		};
		FA94233825C0F8710072D0EE = {
			isa = PBXGroup;
			children = (
				FA94234325C0F8710072D0EE /* UriBan */,
				FA94234225C0F8710072D0EE /* Products */,
			);
			sourceTree = "<group>";
		};
		FA94234225C0F8710072D0EE /* Products */ = {
			isa = PBXGroup;
			children = (
				FA94234125C0F8710072D0EE /* UriBan.app */,
			);
			name = Products;
			sourceTree = "<group>";
		};
		FA94234325C0F8710072D0EE /* UriBan */ = {
			isa = PBXGroup;
			children = (
				FA94234425C0F8710072D0EE /* UriBanApp.swift */,
				FA94234625C0F8710072D0EE /* ContentView.swift */,
				15575E6C25CF784B007510C4 /* SwiftUIView.swift */,
				FA94235425C0F8D70072D0EE /* View */,
				FA94235525C0F8DF0072D0EE /* ViewModel */,
				FA94235625C0F8E70072D0EE /* Model */,
				FA94235725C0F92E0072D0EE /* Support */,
				15575E6125CE8BE1007510C4 /* Example */,
				FA94234A25C0F8740072D0EE /* Preview Content */,
			);
			path = UriBan;
			sourceTree = "<group>";
		};
		FA94234A25C0F8740072D0EE /* Preview Content */ = {
			isa = PBXGroup;
			children = (
				FA94234B25C0F8740072D0EE /* Preview Assets.xcassets */,
			);
			path = "Preview Content";
			sourceTree = "<group>";
		};
		FA94235425C0F8D70072D0EE /* View */ = {
			isa = PBXGroup;
			children = (
				FA94235B25C0F9860072D0EE /* MainTabView.swift */,
				FA94236425C0F9EE0072D0EE /* Home */,
				FA94236525C0F9F70072D0EE /* MyClass */,
				FA94236625C0FA030072D0EE /* Subject */,
				FA94236725C0FA0B0072D0EE /* Counsel */,
				FA94236825C0FA130072D0EE /* Page */,
			);
			path = View;
			sourceTree = "<group>";
		};
		FA94235525C0F8DF0072D0EE /* ViewModel */ = {
			isa = PBXGroup;
			children = (
				FA94236F25C0FA940072D0EE /* HomeViewModel.swift */,
				FA9CF39825C1277100E66C07 /* StudentViewModel.swift */,
			);
			path = ViewModel;
			sourceTree = "<group>";
		};
		FA94235625C0F8E70072D0EE /* Model */ = {
			isa = PBXGroup;
			children = (
				FA94235E25C0F9B40072D0EE /* Home02.swift */,
				FA94236125C0F9D00072D0EE /* Student01.swift */,
				155024C925C4E0A200AD2006 /* Home03.swift */,
				155024CC25C4E9C700AD2006 /* Student02.swift */,
				FA012FF025CCF73000D580A6 /* Student03.swift */,
				15894CC625CE1C98001C2AB8 /* Student04.swift */,
				1550EEE225D510E000D09882 /* Student05.swift */,
			);
			path = Model;
			sourceTree = "<group>";
		};
		FA94235725C0F92E0072D0EE /* Support */ = {
			isa = PBXGroup;
			children = (
				FA94234825C0F8740072D0EE /* Assets.xcassets */,
				FA94234D25C0F8740072D0EE /* Info.plist */,
				FAC0E1E725CCD0CC003C300C /* TabButton.swift */,
				1590449725C62D060069BF2A /* NavigationLazyView.swift */,
				15894CC025CD4B53001C2AB8 /* PhotoPicker.swift */,
				1590449425C62C840069BF2A /* NavigationBarColor.swift */,
				155024D025C548D900AD2006 /* ColorExtension.swift */,
				FA94235825C0F94A0072D0EE /* SearchDefaultRealm.swift */,
				1546373C25CE36E600763674 /* UIImageExtension.swift */,
			);
			path = Support;
			sourceTree = "<group>";
		};
		FA94236425C0F9EE0072D0EE /* Home */ = {
			isa = PBXGroup;
			children = (
				FA94236C25C0FA5E0072D0EE /* HomeView.swift */,
				FA94236925C0FA460072D0EE /* AddHomePageView.swift */,
			);
			path = Home;
			sourceTree = "<group>";
		};
		FA94236525C0F9F70072D0EE /* MyClass */ = {
			isa = PBXGroup;
			children = (
				FA9CF39425C1234C00E66C07 /* StudentView.swift */,
				1535D8D725C6419300BC7E81 /* AddStudentView.swift */,
				15575E6925CF6CB7007510C4 /* DetailStudentView.swift */,
				1550EEDF25D4C5CA00D09882 /* UriBanView.swift */,
			);
			path = MyClass;
			sourceTree = "<group>";
		};
		FA94236625C0FA030072D0EE /* Subject */ = {
			isa = PBXGroup;
			children = (
			);
			path = Subject;
			sourceTree = "<group>";
		};
		FA94236725C0FA0B0072D0EE /* Counsel */ = {
			isa = PBXGroup;
			children = (
			);
			path = Counsel;
			sourceTree = "<group>";
		};
		FA94236825C0FA130072D0EE /* Page */ = {
			isa = PBXGroup;
			children = (
			);
			path = Page;
			sourceTree = "<group>";
		};
/* End PBXGroup section */

/* Begin PBXNativeTarget section */
		FA94234025C0F8710072D0EE /* UriBan */ = {
			isa = PBXNativeTarget;
			buildConfigurationList = FA94235025C0F8740072D0EE /* Build configuration list for PBXNativeTarget "UriBan" */;
			buildPhases = (
				FA94233D25C0F8710072D0EE /* Sources */,
				FA94233E25C0F8710072D0EE /* Frameworks */,
				FA94233F25C0F8710072D0EE /* Resources */,
			);
			buildRules = (
			);
			dependencies = (
			);
			name = UriBan;
			packageProductDependencies = (
				FA94237325C0FB030072D0EE /* Realm */,
				FA94237525C0FB030072D0EE /* RealmSwift */,
			);
			productName = UriBan;
			productReference = FA94234125C0F8710072D0EE /* UriBan.app */;
			productType = "com.apple.product-type.application";
		};
/* End PBXNativeTarget section */

/* Begin PBXProject section */
		FA94233925C0F8710072D0EE /* Project object */ = {
			isa = PBXProject;
			attributes = {
				LastSwiftUpdateCheck = 1220;
				LastUpgradeCheck = 1220;
				TargetAttributes = {
					FA94234025C0F8710072D0EE = {
						CreatedOnToolsVersion = 12.2;
					};
				};
			};
			buildConfigurationList = FA94233C25C0F8710072D0EE /* Build configuration list for PBXProject "UriBan" */;
			compatibilityVersion = "Xcode 9.3";
			developmentRegion = en;
			hasScannedForEncodings = 0;
			knownRegions = (
				en,
				Base,
			);
			mainGroup = FA94233825C0F8710072D0EE;
			packageReferences = (
				FA94237225C0FB030072D0EE /* XCRemoteSwiftPackageReference "realm-cocoa" */,
			);
			productRefGroup = FA94234225C0F8710072D0EE /* Products */;
			projectDirPath = "";
			projectRoot = "";
			targets = (
				FA94234025C0F8710072D0EE /* UriBan */,
			);
		};
/* End PBXProject section */

/* Begin PBXResourcesBuildPhase section */
		FA94233F25C0F8710072D0EE /* Resources */ = {
			isa = PBXResourcesBuildPhase;
			buildActionMask = 2147483647;
			files = (
				FA94234C25C0F8740072D0EE /* Preview Assets.xcassets in Resources */,
				FA94234925C0F8740072D0EE /* Assets.xcassets in Resources */,
			);
			runOnlyForDeploymentPostprocessing = 0;
		};
/* End PBXResourcesBuildPhase section */

/* Begin PBXSourcesBuildPhase section */
		FA94233D25C0F8710072D0EE /* Sources */ = {
			isa = PBXSourcesBuildPhase;
			buildActionMask = 2147483647;
			files = (
				15894CC725CE1C98001C2AB8 /* Student04.swift in Sources */,
				FA9CF39925C1277100E66C07 /* StudentViewModel.swift in Sources */,
				155024CA25C4E0A200AD2006 /* Home03.swift in Sources */,
				FA8D1D0B25CA24EB0078662D /* PHPickerMultiExam.swift in Sources */,
				FA94234725C0F8710072D0EE /* ContentView.swift in Sources */,
				155024CD25C4E9C700AD2006 /* Student02.swift in Sources */,
				FA9CF39525C1234C00E66C07 /* StudentView.swift in Sources */,
				FA94237025C0FA940072D0EE /* HomeViewModel.swift in Sources */,
				FA8D1D0E25CA42A60078662D /* PHPickerSingleExam.swift in Sources */,
				155024D125C548D900AD2006 /* ColorExtension.swift in Sources */,
				FA94235F25C0F9B40072D0EE /* Home02.swift in Sources */,
				1550EEE025D4C5CA00D09882 /* UriBanView.swift in Sources */,
				FA012FF125CCF73000D580A6 /* Student03.swift in Sources */,
				FA94236225C0F9D00072D0EE /* Student01.swift in Sources */,
				FA94235925C0F94A0072D0EE /* SearchDefaultRealm.swift in Sources */,
				1535D8D825C6419300BC7E81 /* AddStudentView.swift in Sources */,
				FA94234525C0F8710072D0EE /* UriBanApp.swift in Sources */,
				156B640425C44C0400DA8D07 /* MultipleSelectionList02Exam.swift in Sources */,
				FA94236D25C0FA5E0072D0EE /* HomeView.swift in Sources */,
				1590449525C62C840069BF2A /* NavigationBarColor.swift in Sources */,
				15575E6A25CF6CB7007510C4 /* DetailStudentView.swift in Sources */,
				1550EEE325D510E000D09882 /* Student05.swift in Sources */,
				1590449825C62D060069BF2A /* NavigationLazyView.swift in Sources */,
				FA94236A25C0FA460072D0EE /* AddHomePageView.swift in Sources */,
				156B640125C43B7700DA8D07 /* MultipleSelectionList01Exam.swift in Sources */,
				1546373D25CE36E600763674 /* UIImageExtension.swift in Sources */,
				FAC0E1E525CCD0A0003C300C /* ToggleExam.swift in Sources */,
				FA94235C25C0F9860072D0EE /* MainTabView.swift in Sources */,
				15575E6D25CF784B007510C4 /* SwiftUIView.swift in Sources */,
				15894CC125CD4B53001C2AB8 /* PhotoPicker.swift in Sources */,
				FAC0E1E825CCD0CC003C300C /* TabButton.swift in Sources */,
			);
			runOnlyForDeploymentPostprocessing = 0;
		};
/* End PBXSourcesBuildPhase section */

/* Begin XCBuildConfiguration section */
		FA94234E25C0F8740072D0EE /* Debug */ = {
			isa = XCBuildConfiguration;
			buildSettings = {
				ALWAYS_SEARCH_USER_PATHS = NO;
				CLANG_ANALYZER_NONNULL = YES;
				CLANG_ANALYZER_NUMBER_OBJECT_CONVERSION = YES_AGGRESSIVE;
				CLANG_CXX_LANGUAGE_STANDARD = "gnu++14";
				CLANG_CXX_LIBRARY = "libc++";
				CLANG_ENABLE_MODULES = YES;
				CLANG_ENABLE_OBJC_ARC = YES;
				CLANG_ENABLE_OBJC_WEAK = YES;
				CLANG_WARN_BLOCK_CAPTURE_AUTORELEASING = YES;
				CLANG_WARN_BOOL_CONVERSION = YES;
				CLANG_WARN_COMMA = YES;
				CLANG_WARN_CONSTANT_CONVERSION = YES;
				CLANG_WARN_DEPRECATED_OBJC_IMPLEMENTATIONS = YES;
				CLANG_WARN_DIRECT_OBJC_ISA_USAGE = YES_ERROR;
				CLANG_WARN_DOCUMENTATION_COMMENTS = YES;
				CLANG_WARN_EMPTY_BODY = YES;
				CLANG_WARN_ENUM_CONVERSION = YES;
				CLANG_WARN_INFINITE_RECURSION = YES;
				CLANG_WARN_INT_CONVERSION = YES;
				CLANG_WARN_NON_LITERAL_NULL_CONVERSION = YES;
				CLANG_WARN_OBJC_IMPLICIT_RETAIN_SELF = YES;
				CLANG_WARN_OBJC_LITERAL_CONVERSION = YES;
				CLANG_WARN_OBJC_ROOT_CLASS = YES_ERROR;
				CLANG_WARN_QUOTED_INCLUDE_IN_FRAMEWORK_HEADER = YES;
				CLANG_WARN_RANGE_LOOP_ANALYSIS = YES;
				CLANG_WARN_STRICT_PROTOTYPES = YES;
				CLANG_WARN_SUSPICIOUS_MOVE = YES;
				CLANG_WARN_UNGUARDED_AVAILABILITY = YES_AGGRESSIVE;
				CLANG_WARN_UNREACHABLE_CODE = YES;
				CLANG_WARN__DUPLICATE_METHOD_MATCH = YES;
				COPY_PHASE_STRIP = NO;
				DEBUG_INFORMATION_FORMAT = dwarf;
				ENABLE_STRICT_OBJC_MSGSEND = YES;
				ENABLE_TESTABILITY = YES;
				GCC_C_LANGUAGE_STANDARD = gnu11;
				GCC_DYNAMIC_NO_PIC = NO;
				GCC_NO_COMMON_BLOCKS = YES;
				GCC_OPTIMIZATION_LEVEL = 0;
				GCC_PREPROCESSOR_DEFINITIONS = (
					"DEBUG=1",
					"$(inherited)",
				);
				GCC_WARN_64_TO_32_BIT_CONVERSION = YES;
				GCC_WARN_ABOUT_RETURN_TYPE = YES_ERROR;
				GCC_WARN_UNDECLARED_SELECTOR = YES;
				GCC_WARN_UNINITIALIZED_AUTOS = YES_AGGRESSIVE;
				GCC_WARN_UNUSED_FUNCTION = YES;
				GCC_WARN_UNUSED_VARIABLE = YES;
				IPHONEOS_DEPLOYMENT_TARGET = 14.2;
				MTL_ENABLE_DEBUG_INFO = INCLUDE_SOURCE;
				MTL_FAST_MATH = YES;
				ONLY_ACTIVE_ARCH = YES;
				SDKROOT = iphoneos;
				SWIFT_ACTIVE_COMPILATION_CONDITIONS = DEBUG;
				SWIFT_OPTIMIZATION_LEVEL = "-Onone";
			};
			name = Debug;
		};
		FA94234F25C0F8740072D0EE /* Release */ = {
			isa = XCBuildConfiguration;
			buildSettings = {
				ALWAYS_SEARCH_USER_PATHS = NO;
				CLANG_ANALYZER_NONNULL = YES;
				CLANG_ANALYZER_NUMBER_OBJECT_CONVERSION = YES_AGGRESSIVE;
				CLANG_CXX_LANGUAGE_STANDARD = "gnu++14";
				CLANG_CXX_LIBRARY = "libc++";
				CLANG_ENABLE_MODULES = YES;
				CLANG_ENABLE_OBJC_ARC = YES;
				CLANG_ENABLE_OBJC_WEAK = YES;
				CLANG_WARN_BLOCK_CAPTURE_AUTORELEASING = YES;
				CLANG_WARN_BOOL_CONVERSION = YES;
				CLANG_WARN_COMMA = YES;
				CLANG_WARN_CONSTANT_CONVERSION = YES;
				CLANG_WARN_DEPRECATED_OBJC_IMPLEMENTATIONS = YES;
				CLANG_WARN_DIRECT_OBJC_ISA_USAGE = YES_ERROR;
				CLANG_WARN_DOCUMENTATION_COMMENTS = YES;
				CLANG_WARN_EMPTY_BODY = YES;
				CLANG_WARN_ENUM_CONVERSION = YES;
				CLANG_WARN_INFINITE_RECURSION = YES;
				CLANG_WARN_INT_CONVERSION = YES;
				CLANG_WARN_NON_LITERAL_NULL_CONVERSION = YES;
				CLANG_WARN_OBJC_IMPLICIT_RETAIN_SELF = YES;
				CLANG_WARN_OBJC_LITERAL_CONVERSION = YES;
				CLANG_WARN_OBJC_ROOT_CLASS = YES_ERROR;
				CLANG_WARN_QUOTED_INCLUDE_IN_FRAMEWORK_HEADER = YES;
				CLANG_WARN_RANGE_LOOP_ANALYSIS = YES;
				CLANG_WARN_STRICT_PROTOTYPES = YES;
				CLANG_WARN_SUSPICIOUS_MOVE = YES;
				CLANG_WARN_UNGUARDED_AVAILABILITY = YES_AGGRESSIVE;
				CLANG_WARN_UNREACHABLE_CODE = YES;
				CLANG_WARN__DUPLICATE_METHOD_MATCH = YES;
				COPY_PHASE_STRIP = NO;
				DEBUG_INFORMATION_FORMAT = "dwarf-with-dsym";
				ENABLE_NS_ASSERTIONS = NO;
				ENABLE_STRICT_OBJC_MSGSEND = YES;
				GCC_C_LANGUAGE_STANDARD = gnu11;
				GCC_NO_COMMON_BLOCKS = YES;
				GCC_WARN_64_TO_32_BIT_CONVERSION = YES;
				GCC_WARN_ABOUT_RETURN_TYPE = YES_ERROR;
				GCC_WARN_UNDECLARED_SELECTOR = YES;
				GCC_WARN_UNINITIALIZED_AUTOS = YES_AGGRESSIVE;
				GCC_WARN_UNUSED_FUNCTION = YES;
				GCC_WARN_UNUSED_VARIABLE = YES;
				IPHONEOS_DEPLOYMENT_TARGET = 14.2;
				MTL_ENABLE_DEBUG_INFO = NO;
				MTL_FAST_MATH = YES;
				SDKROOT = iphoneos;
				SWIFT_COMPILATION_MODE = wholemodule;
				SWIFT_OPTIMIZATION_LEVEL = "-O";
				VALIDATE_PRODUCT = YES;
			};
			name = Release;
		};
		FA94235125C0F8740072D0EE /* Debug */ = {
			isa = XCBuildConfiguration;
			buildSettings = {
				ASSETCATALOG_COMPILER_APPICON_NAME = AppIcon;
				ASSETCATALOG_COMPILER_GLOBAL_ACCENT_COLOR_NAME = AccentColor;
				CODE_SIGN_STYLE = Automatic;
				DEVELOPMENT_ASSET_PATHS = "\"UriBan/Preview Content\"";
				DEVELOPMENT_TEAM = 27963V74Z7;
				ENABLE_PREVIEWS = YES;
				INFOPLIST_FILE = UriBan/Support/Info.plist;
				IPHONEOS_DEPLOYMENT_TARGET = 14.0;
				LD_RUNPATH_SEARCH_PATHS = (
					"$(inherited)",
					"@executable_path/Frameworks",
				);
				PRODUCT_BUNDLE_IDENTIFIER = "com.SwiftUI-test.UriBan";
				PRODUCT_NAME = "$(TARGET_NAME)";
				SWIFT_VERSION = 5.0;
				TARGETED_DEVICE_FAMILY = "1,2";
			};
			name = Debug;
		};
		FA94235225C0F8740072D0EE /* Release */ = {
			isa = XCBuildConfiguration;
			buildSettings = {
				ASSETCATALOG_COMPILER_APPICON_NAME = AppIcon;
				ASSETCATALOG_COMPILER_GLOBAL_ACCENT_COLOR_NAME = AccentColor;
				CODE_SIGN_STYLE = Automatic;
				DEVELOPMENT_ASSET_PATHS = "\"UriBan/Preview Content\"";
				DEVELOPMENT_TEAM = 27963V74Z7;
				ENABLE_PREVIEWS = YES;
				INFOPLIST_FILE = UriBan/Support/Info.plist;
				IPHONEOS_DEPLOYMENT_TARGET = 14.0;
				LD_RUNPATH_SEARCH_PATHS = (
					"$(inherited)",
					"@executable_path/Frameworks",
				);
				PRODUCT_BUNDLE_IDENTIFIER = "com.SwiftUI-test.UriBan";
				PRODUCT_NAME = "$(TARGET_NAME)";
				SWIFT_VERSION = 5.0;
				TARGETED_DEVICE_FAMILY = "1,2";
			};
			name = Release;
		};
/* End XCBuildConfiguration section */

/* Begin XCConfigurationList section */
		FA94233C25C0F8710072D0EE /* Build configuration list for PBXProject "UriBan" */ = {
			isa = XCConfigurationList;
			buildConfigurations = (
				FA94234E25C0F8740072D0EE /* Debug */,
				FA94234F25C0F8740072D0EE /* Release */,
			);
			defaultConfigurationIsVisible = 0;
			defaultConfigurationName = Release;
		};
		FA94235025C0F8740072D0EE /* Build configuration list for PBXNativeTarget "UriBan" */ = {
			isa = XCConfigurationList;
			buildConfigurations = (
				FA94235125C0F8740072D0EE /* Debug */,
				FA94235225C0F8740072D0EE /* Release */,
			);
			defaultConfigurationIsVisible = 0;
			defaultConfigurationName = Release;
		};
/* End XCConfigurationList section */

/* Begin XCRemoteSwiftPackageReference section */
		FA94237225C0FB030072D0EE /* XCRemoteSwiftPackageReference "realm-cocoa" */ = {
			isa = XCRemoteSwiftPackageReference;
			repositoryURL = "https://github.com/realm/realm-cocoa";
			requirement = {
				kind = upToNextMajorVersion;
				minimumVersion = 10.5.1;
			};
		};
/* End XCRemoteSwiftPackageReference section */

/* Begin XCSwiftPackageProductDependency section */
		FA94237325C0FB030072D0EE /* Realm */ = {
			isa = XCSwiftPackageProductDependency;
			package = FA94237225C0FB030072D0EE /* XCRemoteSwiftPackageReference "realm-cocoa" */;
			productName = Realm;
		};
		FA94237525C0FB030072D0EE /* RealmSwift */ = {
			isa = XCSwiftPackageProductDependency;
			package = FA94237225C0FB030072D0EE /* XCRemoteSwiftPackageReference "realm-cocoa" */;
			productName = RealmSwift;
		};
/* End XCSwiftPackageProductDependency section */
	};
	rootObject = FA94233925C0F8710072D0EE /* Project object */;
}
